
Microsoft Visual Studio Solution File, Format Version 12.00
# Visual Studio Version 17
VisualStudioVersion = 17.9.34511.98
MinimumVisualStudioVersion = 10.0.40219.1
Project("{FAE04EC0-301F-11D3-BF4B-00C04F79EFBC}") = "WinClient", "src\WinClient\WinClient.csproj", "{9B5EE0BB-902D-4D3F-9EDE-591D6F8634DB}"
EndProject
Project("{9A19103F-16F7-4668-BE54-9A1E7A4F7556}") = "WebApp", "src\WebApp\WebApp.csproj", "{38F7AC35-45F3-4469-AB4A-57F79596DC28}"
EndProject
Global
	GlobalSection(SolutionConfigurationPlatforms) = preSolution
		Debug|Any CPU = Debug|Any CPU
		Release|Any CPU = Release|Any CPU
	EndGlobalSection
	GlobalSection(ProjectConfigurationPlatforms) = postSolution
		{9B5EE0BB-902D-4D3F-9EDE-591D6F8634DB}.Debug|Any CPU.ActiveCfg = Debug|Any CPU
		{9B5EE0BB-902D-4D3F-9EDE-591D6F8634DB}.Debug|Any CPU.Build.0 = Debug|Any CPU
		{9B5EE0BB-902D-4D3F-9EDE-591D6F8634DB}.Release|Any CPU.ActiveCfg = Release|Any CPU
		{9B5EE0BB-902D-4D3F-9EDE-591D6F8634DB}.Release|Any CPU.Build.0 = Release|Any CPU
		{38F7AC35-45F3-4469-AB4A-57F79596DC28}.Debug|Any CPU.ActiveCfg = Debug|Any CPU
		{38F7AC35-45F3-4469-AB4A-57F79596DC28}.Debug|Any CPU.Build.0 = Debug|Any CPU
		{38F7AC35-45F3-4469-AB4A-57F79596DC28}.Release|Any CPU.ActiveCfg = Release|Any CPU
		{38F7AC35-45F3-4469-AB4A-57F79596DC28}.Release|Any CPU.Build.0 = Release|Any CPU
	EndGlobalSection
	GlobalSection(SolutionProperties) = preSolution
		HideSolutionNode = FALSE
	EndGlobalSection
	GlobalSection(ExtensibilityGlobals) = postSolution
		SolutionGuid = {55DB4517-0670-415C-A1ED-A10134992D71}
	EndGlobalSection
EndGlobal
